%{"bbmustache": {:hex, :bbmustache, "1.0.3"},
  "butler": {:hex, :butler, "0.4.3"},
  "butler_cowsay": {:hex, :butler_cowsay, "0.1.0"},
  "conform": {:hex, :conform, "0.16.0"},
  "cowsay": {:hex, :cowsay, "0.0.1"},
  "erlware_commons": {:hex, :erlware_commons, "0.15.0"},
  "exrm": {:hex, :exrm, "0.19.6"},
  "getopt": {:hex, :getopt, "0.8.2"},
  "hackney": {:hex, :hackney, "1.3.2"},
  "httpoison": {:hex, :httpoison, "0.7.4"},
  "idna": {:hex, :idna, "1.0.2"},
  "neotoma": {:hex, :neotoma, "1.7.3"},
  "poison": {:hex, :poison, "1.5.0"},
  "providers": {:hex, :providers, "1.4.1"},
  "relx": {:hex, :relx, "3.5.0"},
  "socket": {:hex, :socket, "0.3.0"},
  "ssl_verify_hostname": {:hex, :ssl_verify_hostname, "1.0.5"},
  "websocket_client": {:git, "http://github.com/jeremyong/websocket_client", "f6892c8b55004008ce2d52be7d98b156f3e34569", []}}
